
Microsoft Visual Studio Solution File, Format Version 12.00
Project("{FAE04EC0-301F-11D3-BF4B-00C04F79EFBC}") = "Loja.Api", "Loja.Api\Loja.Api.csproj", "{450C4200-C877-49EB-8E7B-063A5F509A07}"
EndProject
Project("{FAE04EC0-301F-11D3-BF4B-00C04F79EFBC}") = "Loja.Domain", "Loja.Domain\Loja.Domain.csproj", "{BD243778-13E3-49A8-9CA3-93BBE4A95959}"
EndProject
Project("{FAE04EC0-301F-11D3-BF4B-00C04F79EFBC}") = "Loja.Application", "Loja.Application\Loja.Application.csproj", "{97BA65DA-BDDB-4880-AEAE-307AC7F0B29E}"
EndProject
Project("{FAE04EC0-301F-11D3-BF4B-00C04F79EFBC}") = "Loja.Infrastructure", "Loja.Infrastructure\Loja.Infrastructure.csproj", "{95F1C122-70D3-42EC-9671-085B5F94A235}"
EndProject
Global
	GlobalSection(SolutionConfigurationPlatforms) = preSolution
		Debug|Any CPU = Debug|Any CPU
		Release|Any CPU = Release|Any CPU
	EndGlobalSection
	GlobalSection(ProjectConfigurationPlatforms) = postSolution
		{450C4200-C877-49EB-8E7B-063A5F509A07}.Debug|Any CPU.ActiveCfg = Debug|Any CPU
		{450C4200-C877-49EB-8E7B-063A5F509A07}.Debug|Any CPU.Build.0 = Debug|Any CPU
		{450C4200-C877-49EB-8E7B-063A5F509A07}.Release|Any CPU.ActiveCfg = Release|Any CPU
		{450C4200-C877-49EB-8E7B-063A5F509A07}.Release|Any CPU.Build.0 = Release|Any CPU
		{BD243778-13E3-49A8-9CA3-93BBE4A95959}.Debug|Any CPU.ActiveCfg = Debug|Any CPU
		{BD243778-13E3-49A8-9CA3-93BBE4A95959}.Debug|Any CPU.Build.0 = Debug|Any CPU
		{BD243778-13E3-49A8-9CA3-93BBE4A95959}.Release|Any CPU.ActiveCfg = Release|Any CPU
		{BD243778-13E3-49A8-9CA3-93BBE4A95959}.Release|Any CPU.Build.0 = Release|Any CPU
		{97BA65DA-BDDB-4880-AEAE-307AC7F0B29E}.Debug|Any CPU.ActiveCfg = Debug|Any CPU
		{97BA65DA-BDDB-4880-AEAE-307AC7F0B29E}.Debug|Any CPU.Build.0 = Debug|Any CPU
		{97BA65DA-BDDB-4880-AEAE-307AC7F0B29E}.Release|Any CPU.ActiveCfg = Release|Any CPU
		{97BA65DA-BDDB-4880-AEAE-307AC7F0B29E}.Release|Any CPU.Build.0 = Release|Any CPU
		{95F1C122-70D3-42EC-9671-085B5F94A235}.Debug|Any CPU.ActiveCfg = Debug|Any CPU
		{95F1C122-70D3-42EC-9671-085B5F94A235}.Debug|Any CPU.Build.0 = Debug|Any CPU
		{95F1C122-70D3-42EC-9671-085B5F94A235}.Release|Any CPU.ActiveCfg = Release|Any CPU
		{95F1C122-70D3-42EC-9671-085B5F94A235}.Release|Any CPU.Build.0 = Release|Any CPU
	EndGlobalSection
EndGlobal
